
Microsoft Visual Studio Solution File, Format Version 12.00
# Visual Studio 15
VisualStudioVersion = 15.0.28307.421
MinimumVisualStudioVersion = 10.0.40219.1
Project("{FAE04EC0-301F-11D3-BF4B-00C04F79EFBC}") = "SDLWrapper", "SDLWrapper.csproj", "{756053A6-B365-4128-B125-57A70E6B58D2}"
EndProject
Project("{FAE04EC0-301F-11D3-BF4B-00C04F79EFBC}") = "SDL2-CS", "SDL2-CS\SDL2-CS.csproj", "{85480198-8711-4355-830E-72FD794AD3F6}"
EndProject
Project("{FAE04EC0-301F-11D3-BF4B-00C04F79EFBC}") = "Demo", "Demo\Demo.csproj", "{A6C7719E-F85A-4F2A-BC4A-8253F59DACBB}"
EndProject
Global
	GlobalSection(SolutionConfigurationPlatforms) = preSolution
		Debug|Any CPU = Debug|Any CPU
		Debug|x64 = Debug|x64
		Debug|x86 = Debug|x86
		Release|Any CPU = Release|Any CPU
		Release|x64 = Release|x64
		Release|x86 = Release|x86
	EndGlobalSection
	GlobalSection(ProjectConfigurationPlatforms) = postSolution
		{756053A6-B365-4128-B125-57A70E6B58D2}.Debug|Any CPU.ActiveCfg = Debug|Any CPU
		{756053A6-B365-4128-B125-57A70E6B58D2}.Debug|Any CPU.Build.0 = Debug|Any CPU
		{756053A6-B365-4128-B125-57A70E6B58D2}.Debug|x64.ActiveCfg = Debug|x64
		{756053A6-B365-4128-B125-57A70E6B58D2}.Debug|x64.Build.0 = Debug|x64
		{756053A6-B365-4128-B125-57A70E6B58D2}.Debug|x86.ActiveCfg = Debug|x86
		{756053A6-B365-4128-B125-57A70E6B58D2}.Debug|x86.Build.0 = Debug|x86
		{756053A6-B365-4128-B125-57A70E6B58D2}.Release|Any CPU.ActiveCfg = Release|Any CPU
		{756053A6-B365-4128-B125-57A70E6B58D2}.Release|Any CPU.Build.0 = Release|Any CPU
		{756053A6-B365-4128-B125-57A70E6B58D2}.Release|x64.ActiveCfg = Release|x64
		{756053A6-B365-4128-B125-57A70E6B58D2}.Release|x64.Build.0 = Release|x64
		{756053A6-B365-4128-B125-57A70E6B58D2}.Release|x86.ActiveCfg = Release|x86
		{756053A6-B365-4128-B125-57A70E6B58D2}.Release|x86.Build.0 = Release|x86
		{85480198-8711-4355-830E-72FD794AD3F6}.Debug|Any CPU.ActiveCfg = Debug|Any CPU
		{85480198-8711-4355-830E-72FD794AD3F6}.Debug|Any CPU.Build.0 = Debug|Any CPU
		{85480198-8711-4355-830E-72FD794AD3F6}.Debug|x64.ActiveCfg = Debug|x64
		{85480198-8711-4355-830E-72FD794AD3F6}.Debug|x64.Build.0 = Debug|x64
		{85480198-8711-4355-830E-72FD794AD3F6}.Debug|x86.ActiveCfg = Debug|x86
		{85480198-8711-4355-830E-72FD794AD3F6}.Debug|x86.Build.0 = Debug|x86
		{85480198-8711-4355-830E-72FD794AD3F6}.Release|Any CPU.ActiveCfg = Release|Any CPU
		{85480198-8711-4355-830E-72FD794AD3F6}.Release|Any CPU.Build.0 = Release|Any CPU
		{85480198-8711-4355-830E-72FD794AD3F6}.Release|x64.ActiveCfg = Release|x64
		{85480198-8711-4355-830E-72FD794AD3F6}.Release|x64.Build.0 = Release|x64
		{85480198-8711-4355-830E-72FD794AD3F6}.Release|x86.ActiveCfg = Release|x86
		{85480198-8711-4355-830E-72FD794AD3F6}.Release|x86.Build.0 = Release|x86
		{A6C7719E-F85A-4F2A-BC4A-8253F59DACBB}.Debug|Any CPU.ActiveCfg = Debug|Any CPU
		{A6C7719E-F85A-4F2A-BC4A-8253F59DACBB}.Debug|Any CPU.Build.0 = Debug|Any CPU
		{A6C7719E-F85A-4F2A-BC4A-8253F59DACBB}.Debug|x64.ActiveCfg = Debug|x64
		{A6C7719E-F85A-4F2A-BC4A-8253F59DACBB}.Debug|x64.Build.0 = Debug|x64
		{A6C7719E-F85A-4F2A-BC4A-8253F59DACBB}.Debug|x86.ActiveCfg = Debug|x86
		{A6C7719E-F85A-4F2A-BC4A-8253F59DACBB}.Debug|x86.Build.0 = Debug|x86
		{A6C7719E-F85A-4F2A-BC4A-8253F59DACBB}.Release|Any CPU.ActiveCfg = Release|Any CPU
		{A6C7719E-F85A-4F2A-BC4A-8253F59DACBB}.Release|Any CPU.Build.0 = Release|Any CPU
		{A6C7719E-F85A-4F2A-BC4A-8253F59DACBB}.Release|x64.ActiveCfg = Release|Any CPU
		{A6C7719E-F85A-4F2A-BC4A-8253F59DACBB}.Release|x64.Build.0 = Release|Any CPU
		{A6C7719E-F85A-4F2A-BC4A-8253F59DACBB}.Release|x86.ActiveCfg = Release|Any CPU
		{A6C7719E-F85A-4F2A-BC4A-8253F59DACBB}.Release|x86.Build.0 = Release|Any CPU
	EndGlobalSection
	GlobalSection(SolutionProperties) = preSolution
		HideSolutionNode = FALSE
	EndGlobalSection
	GlobalSection(ExtensibilityGlobals) = postSolution
		SolutionGuid = {4D778375-A2D1-4589-80D0-234B4E6A1BD1}
	EndGlobalSection
EndGlobal
